
Microsoft Visual Studio Solution File, Format Version 12.00
# Visual Studio Version 17
VisualStudioVersion = 17.5.002.0
MinimumVisualStudioVersion = 10.0.40219.1
Project("{9A19103F-16F7-4668-BE54-9A1E7A4F7556}") = "TestApi", "TestApi.csproj", "{42DC07F9-3FBF-437C-B4B2-736C7AA65356}"
EndProject
Global
	GlobalSection(SolutionConfigurationPlatforms) = preSolution
		Debug|Any CPU = Debug|Any CPU
		Release|Any CPU = Release|Any CPU
	EndGlobalSection
	GlobalSection(ProjectConfigurationPlatforms) = postSolution
		{42DC07F9-3FBF-437C-B4B2-736C7AA65356}.Debug|Any CPU.ActiveCfg = Debug|Any CPU
		{42DC07F9-3FBF-437C-B4B2-736C7AA65356}.Debug|Any CPU.Build.0 = Debug|Any CPU
		{42DC07F9-3FBF-437C-B4B2-736C7AA65356}.Release|Any CPU.ActiveCfg = Release|Any CPU
		{42DC07F9-3FBF-437C-B4B2-736C7AA65356}.Release|Any CPU.Build.0 = Release|Any CPU
	EndGlobalSection
	GlobalSection(SolutionProperties) = preSolution
		HideSolutionNode = FALSE
	EndGlobalSection
	GlobalSection(ExtensibilityGlobals) = postSolution
		SolutionGuid = {F9C51BE0-53B4-4DC0-AE5E-DDF64BF7C7A7}
	EndGlobalSection
EndGlobal
